
Microsoft Visual Studio Solution File, Format Version 12.00
# Visual Studio 15
VisualStudioVersion = 15.0.28307.1758
MinimumVisualStudioVersion = 10.0.40219.1
Project("{FAE04EC0-301F-11D3-BF4B-00C04F79EFBC}") = "WebMVC", "WebMVC\WebMVC.csproj", "{4D9EDF23-8A61-44D8-B418-0E5C35CB1CE4}"
EndProject
Project("{FAE04EC0-301F-11D3-BF4B-00C04F79EFBC}") = "WebMVC.Tests", "WebMVC.Tests\WebMVC.Tests.csproj", "{A108EF8C-AAC7-40F7-AFCF-812198C7FBB8}"
EndProject
Project("{FAE04EC0-301F-11D3-BF4B-00C04F79EFBC}") = "WebAPI", "..\..\WebAPI2\WebAPI\WebAPI.csproj", "{68417680-CED9-4281-B23D-AA5DD7B1F413}"
EndProject
Global
	GlobalSection(SolutionConfigurationPlatforms) = preSolution
		Debug|Any CPU = Debug|Any CPU
		Release|Any CPU = Release|Any CPU
	EndGlobalSection
	GlobalSection(ProjectConfigurationPlatforms) = postSolution
		{4D9EDF23-8A61-44D8-B418-0E5C35CB1CE4}.Debug|Any CPU.ActiveCfg = Debug|Any CPU
		{4D9EDF23-8A61-44D8-B418-0E5C35CB1CE4}.Debug|Any CPU.Build.0 = Debug|Any CPU
		{4D9EDF23-8A61-44D8-B418-0E5C35CB1CE4}.Release|Any CPU.ActiveCfg = Release|Any CPU
		{4D9EDF23-8A61-44D8-B418-0E5C35CB1CE4}.Release|Any CPU.Build.0 = Release|Any CPU
		{A108EF8C-AAC7-40F7-AFCF-812198C7FBB8}.Debug|Any CPU.ActiveCfg = Debug|Any CPU
		{A108EF8C-AAC7-40F7-AFCF-812198C7FBB8}.Debug|Any CPU.Build.0 = Debug|Any CPU
		{A108EF8C-AAC7-40F7-AFCF-812198C7FBB8}.Release|Any CPU.ActiveCfg = Release|Any CPU
		{A108EF8C-AAC7-40F7-AFCF-812198C7FBB8}.Release|Any CPU.Build.0 = Release|Any CPU
		{68417680-CED9-4281-B23D-AA5DD7B1F413}.Debug|Any CPU.ActiveCfg = Debug|Any CPU
		{68417680-CED9-4281-B23D-AA5DD7B1F413}.Debug|Any CPU.Build.0 = Debug|Any CPU
		{68417680-CED9-4281-B23D-AA5DD7B1F413}.Release|Any CPU.ActiveCfg = Release|Any CPU
		{68417680-CED9-4281-B23D-AA5DD7B1F413}.Release|Any CPU.Build.0 = Release|Any CPU
	EndGlobalSection
	GlobalSection(SolutionProperties) = preSolution
		HideSolutionNode = FALSE
	EndGlobalSection
	GlobalSection(ExtensibilityGlobals) = postSolution
		SolutionGuid = {82F78DD3-0B29-4C58-8854-0F6C59222B60}
	EndGlobalSection
EndGlobal
